
Microsoft Visual Studio Solution File, Format Version 12.00
# Visual Studio Version 16
VisualStudioVersion = 16.0.30002.166
MinimumVisualStudioVersion = 10.0.40219.1
Project("{FAE04EC0-301F-11D3-BF4B-00C04F79EFBC}") = "cscomment", "cscomment\cscomment.csproj", "{ADD05B3E-B4B6-4062-9815-6AB66AD4B536}"
EndProject
Global
	GlobalSection(SolutionConfigurationPlatforms) = preSolution
		Debug|Any CPU = Debug|Any CPU
		Release|Any CPU = Release|Any CPU
	EndGlobalSection
	GlobalSection(ProjectConfigurationPlatforms) = postSolution
		{ADD05B3E-B4B6-4062-9815-6AB66AD4B536}.Debug|Any CPU.ActiveCfg = Debug|Any CPU
		{ADD05B3E-B4B6-4062-9815-6AB66AD4B536}.Debug|Any CPU.Build.0 = Debug|Any CPU
		{ADD05B3E-B4B6-4062-9815-6AB66AD4B536}.Release|Any CPU.ActiveCfg = Release|Any CPU
		{ADD05B3E-B4B6-4062-9815-6AB66AD4B536}.Release|Any CPU.Build.0 = Release|Any CPU
	EndGlobalSection
	GlobalSection(SolutionProperties) = preSolution
		HideSolutionNode = FALSE
	EndGlobalSection
	GlobalSection(ExtensibilityGlobals) = postSolution
		SolutionGuid = {4ACA8227-DC0A-403F-83D9-49DCD1DA4E1B}
	EndGlobalSection
EndGlobal
